
Microsoft Visual Studio Solution File, Format Version 12.00
# Visual Studio Version 17
VisualStudioVersion = 17.0.32126.317
MinimumVisualStudioVersion = 10.0.40219.1
Project("{FAE04EC0-301F-11D3-BF4B-00C04F79EFBC}") = "VeterinarySystem", "VeterinarySystem\VeterinarySystem.csproj", "{57E9FCD5-0411-4672-B8A2-41DD75C297A8}"
EndProject
Global
	GlobalSection(SolutionConfigurationPlatforms) = preSolution
		Debug|Any CPU = Debug|Any CPU
		Release|Any CPU = Release|Any CPU
	EndGlobalSection
	GlobalSection(ProjectConfigurationPlatforms) = postSolution
		{57E9FCD5-0411-4672-B8A2-41DD75C297A8}.Debug|Any CPU.ActiveCfg = Debug|Any CPU
		{57E9FCD5-0411-4672-B8A2-41DD75C297A8}.Debug|Any CPU.Build.0 = Debug|Any CPU
		{57E9FCD5-0411-4672-B8A2-41DD75C297A8}.Release|Any CPU.ActiveCfg = Release|Any CPU
		{57E9FCD5-0411-4672-B8A2-41DD75C297A8}.Release|Any CPU.Build.0 = Release|Any CPU
	EndGlobalSection
	GlobalSection(SolutionProperties) = preSolution
		HideSolutionNode = FALSE
	EndGlobalSection
	GlobalSection(ExtensibilityGlobals) = postSolution
		SolutionGuid = {282E24E4-0B19-4E59-8105-1BB1EEB2D4AA}
	EndGlobalSection
EndGlobal
